// !$*UTF8*$!
{
	archiveVersion = 1;
	classes = {
	};
	objectVersion = 46;
	objects = {

/* Begin PBXBuildFile section */
		9B380D681F432B34009C6594 /* icon_watch.png in Resources */ = {isa = PBXBuildFile; fileRef = 9B380D661F432B34009C6594 /* icon_watch.png */; };
		9B380D691F432B34009C6594 /* icon.png in Resources */ = {isa = PBXBuildFile; fileRef = 9B380D671F432B34009C6594 /* icon.png */; };
		9B380D6B1F432CAB009C6594 /* TableViewController.swift in Sources */ = {isa = PBXBuildFile; fileRef = 9B380D6A1F432CAB009C6594 /* TableViewController.swift */; };
		9B380D6D1F433890009C6594 /* TableRowController.swift in Sources */ = {isa = PBXBuildFile; fileRef = 9B380D6C1F433890009C6594 /* TableRowController.swift */; };
		9B380D6F1F4338A1009C6594 /* WorkoutController.swift in Sources */ = {isa = PBXBuildFile; fileRef = 9B380D6E1F4338A1009C6594 /* WorkoutController.swift */; };
		9B594B591F3C9B4500F73E55 /* Shared.swift in Sources */ = {isa = PBXBuildFile; fileRef = 9B594B581F3C9B4500F73E55 /* Shared.swift */; };
		9B594B5B1F3CBE3A00F73E55 /* WorkoutsView.swift in Sources */ = {isa = PBXBuildFile; fileRef = 9B594B5A1F3CBE3A00F73E55 /* WorkoutsView.swift */; };
		9B594B5D1F3CC7E000F73E55 /* InfoView.swift in Sources */ = {isa = PBXBuildFile; fileRef = 9B594B5C1F3CC7E000F73E55 /* InfoView.swift */; };
		9B594B5F1F3CCB0C00F73E55 /* EditView.swift in Sources */ = {isa = PBXBuildFile; fileRef = 9B594B5E1F3CCB0C00F73E55 /* EditView.swift */; };
		9B645CC41F46054C00357494 /* Icon-29.png in Resources */ = {isa = PBXBuildFile; fileRef = 9B645CB91F46054C00357494 /* Icon-29.png */; };
		9B645CC51F46054C00357494 /* Icon-40.png in Resources */ = {isa = PBXBuildFile; fileRef = 9B645CBA1F46054C00357494 /* Icon-40.png */; };
		9B645CC61F46054C00357494 /* Icon-58.png in Resources */ = {isa = PBXBuildFile; fileRef = 9B645CBB1F46054C00357494 /* Icon-58.png */; };
		9B645CC71F46054C00357494 /* Icon-60.png in Resources */ = {isa = PBXBuildFile; fileRef = 9B645CBC1F46054C00357494 /* Icon-60.png */; };
		9B645CC81F46054C00357494 /* Icon-76.png in Resources */ = {isa = PBXBuildFile; fileRef = 9B645CBD1F46054C00357494 /* Icon-76.png */; };
		9B645CC91F46054C00357494 /* Icon-80.png in Resources */ = {isa = PBXBuildFile; fileRef = 9B645CBE1F46054C00357494 /* Icon-80.png */; };
		9B645CCA1F46054C00357494 /* Icon-87.png in Resources */ = {isa = PBXBuildFile; fileRef = 9B645CBF1F46054C00357494 /* Icon-87.png */; };
		9B645CCB1F46054C00357494 /* Icon-120.png in Resources */ = {isa = PBXBuildFile; fileRef = 9B645CC01F46054C00357494 /* Icon-120.png */; };
		9B645CCC1F46054C00357494 /* Icon-152.png in Resources */ = {isa = PBXBuildFile; fileRef = 9B645CC11F46054C00357494 /* Icon-152.png */; };
		9B645CCD1F46054C00357494 /* Icon-167.png in Resources */ = {isa = PBXBuildFile; fileRef = 9B645CC21F46054C00357494 /* Icon-167.png */; };
		9B645CCE1F46054C00357494 /* Icon-180.png in Resources */ = {isa = PBXBuildFile; fileRef = 9B645CC31F46054C00357494 /* Icon-180.png */; };
		9B645CD51F46055600357494 /* wIcon-48.png in Resources */ = {isa = PBXBuildFile; fileRef = 9B645CCF1F46055600357494 /* wIcon-48.png */; };
		9B645CD61F46055600357494 /* wIcon-55.png in Resources */ = {isa = PBXBuildFile; fileRef = 9B645CD01F46055600357494 /* wIcon-55.png */; };
		9B645CD71F46055600357494 /* wIcon-80.png in Resources */ = {isa = PBXBuildFile; fileRef = 9B645CD11F46055600357494 /* wIcon-80.png */; };
		9B645CD81F46055600357494 /* wIcon-88.png in Resources */ = {isa = PBXBuildFile; fileRef = 9B645CD21F46055600357494 /* wIcon-88.png */; };
		9B645CD91F46055600357494 /* wIcon-172.png in Resources */ = {isa = PBXBuildFile; fileRef = 9B645CD31F46055600357494 /* wIcon-172.png */; };
		9B645CDA1F46055600357494 /* wIcon-196.png in Resources */ = {isa = PBXBuildFile; fileRef = 9B645CD41F46055600357494 /* wIcon-196.png */; };
		9B645CDB1F4606A600357494 /* wIcon-48.png in Resources */ = {isa = PBXBuildFile; fileRef = 9B645CCF1F46055600357494 /* wIcon-48.png */; };
		9B645CDC1F4606A900357494 /* wIcon-55.png in Resources */ = {isa = PBXBuildFile; fileRef = 9B645CD01F46055600357494 /* wIcon-55.png */; };
		9B645CDD1F4606B900357494 /* icon.png in Resources */ = {isa = PBXBuildFile; fileRef = 9B380D671F432B34009C6594 /* icon.png */; };
		9B645CDE1F4606B900357494 /* icon.png in Resources */ = {isa = PBXBuildFile; fileRef = 9B380D671F432B34009C6594 /* icon.png */; };
		9B645CDF1F4606BC00357494 /* icon_watch.png in Resources */ = {isa = PBXBuildFile; fileRef = 9B380D661F432B34009C6594 /* icon_watch.png */; };
		9B645CE01F4606BC00357494 /* icon_watch.png in Resources */ = {isa = PBXBuildFile; fileRef = 9B380D661F432B34009C6594 /* icon_watch.png */; };
		9B645CE11F4606BF00357494 /* Icon-180.png in Resources */ = {isa = PBXBuildFile; fileRef = 9B645CC31F46054C00357494 /* Icon-180.png */; };
		9B645CE21F4606BF00357494 /* Icon-180.png in Resources */ = {isa = PBXBuildFile; fileRef = 9B645CC31F46054C00357494 /* Icon-180.png */; };
		9B645CE31F4606C200357494 /* Icon-167.png in Resources */ = {isa = PBXBuildFile; fileRef = 9B645CC21F46054C00357494 /* Icon-167.png */; };
		9B645CE41F4606C200357494 /* Icon-167.png in Resources */ = {isa = PBXBuildFile; fileRef = 9B645CC21F46054C00357494 /* Icon-167.png */; };
		9B645CE51F4606C400357494 /* Icon-152.png in Resources */ = {isa = PBXBuildFile; fileRef = 9B645CC11F46054C00357494 /* Icon-152.png */; };
		9B645CE61F4606C500357494 /* Icon-152.png in Resources */ = {isa = PBXBuildFile; fileRef = 9B645CC11F46054C00357494 /* Icon-152.png */; };
		9B645CE71F4606C700357494 /* Icon-120.png in Resources */ = {isa = PBXBuildFile; fileRef = 9B645CC01F46054C00357494 /* Icon-120.png */; };
		9B645CE81F4606C700357494 /* Icon-120.png in Resources */ = {isa = PBXBuildFile; fileRef = 9B645CC01F46054C00357494 /* Icon-120.png */; };
		9B645CE91F4606CB00357494 /* Icon-87.png in Resources */ = {isa = PBXBuildFile; fileRef = 9B645CBF1F46054C00357494 /* Icon-87.png */; };
		9B645CEA1F4606CB00357494 /* Icon-87.png in Resources */ = {isa = PBXBuildFile; fileRef = 9B645CBF1F46054C00357494 /* Icon-87.png */; };
		9B645CEB1F4606D100357494 /* wIcon-48.png in Resources */ = {isa = PBXBuildFile; fileRef = 9B645CCF1F46055600357494 /* wIcon-48.png */; };
		9B645CEC1F4606D400357494 /* wIcon-55.png in Resources */ = {isa = PBXBuildFile; fileRef = 9B645CD01F46055600357494 /* wIcon-55.png */; };
		9B645CED1F4606D600357494 /* wIcon-80.png in Resources */ = {isa = PBXBuildFile; fileRef = 9B645CD11F46055600357494 /* wIcon-80.png */; };
		9B645CEE1F4606D700357494 /* wIcon-80.png in Resources */ = {isa = PBXBuildFile; fileRef = 9B645CD11F46055600357494 /* wIcon-80.png */; };
		9B645CEF1F4606D900357494 /* wIcon-88.png in Resources */ = {isa = PBXBuildFile; fileRef = 9B645CD21F46055600357494 /* wIcon-88.png */; };
		9B645CF01F4606D900357494 /* wIcon-88.png in Resources */ = {isa = PBXBuildFile; fileRef = 9B645CD21F46055600357494 /* wIcon-88.png */; };
		9B645CF11F4606DC00357494 /* wIcon-172.png in Resources */ = {isa = PBXBuildFile; fileRef = 9B645CD31F46055600357494 /* wIcon-172.png */; };
		9B645CF21F4606DC00357494 /* wIcon-172.png in Resources */ = {isa = PBXBuildFile; fileRef = 9B645CD31F46055600357494 /* wIcon-172.png */; };
		9B645CF31F4606E000357494 /* wIcon-196.png in Resources */ = {isa = PBXBuildFile; fileRef = 9B645CD41F46055600357494 /* wIcon-196.png */; };
		9B645CF41F4606E000357494 /* wIcon-196.png in Resources */ = {isa = PBXBuildFile; fileRef = 9B645CD41F46055600357494 /* wIcon-196.png */; };
		9B645CF51F4606E200357494 /* Icon-29.png in Resources */ = {isa = PBXBuildFile; fileRef = 9B645CB91F46054C00357494 /* Icon-29.png */; };
		9B645CF61F4606E300357494 /* Icon-29.png in Resources */ = {isa = PBXBuildFile; fileRef = 9B645CB91F46054C00357494 /* Icon-29.png */; };
		9B645CF71F4606E500357494 /* Icon-40.png in Resources */ = {isa = PBXBuildFile; fileRef = 9B645CBA1F46054C00357494 /* Icon-40.png */; };
		9B645CF81F4606E600357494 /* Icon-40.png in Resources */ = {isa = PBXBuildFile; fileRef = 9B645CBA1F46054C00357494 /* Icon-40.png */; };
		9B645CF91F4606E900357494 /* Icon-58.png in Resources */ = {isa = PBXBuildFile; fileRef = 9B645CBB1F46054C00357494 /* Icon-58.png */; };
		9B645CFA1F4606E900357494 /* Icon-58.png in Resources */ = {isa = PBXBuildFile; fileRef = 9B645CBB1F46054C00357494 /* Icon-58.png */; };
		9B645CFB1F4606EC00357494 /* Icon-60.png in Resources */ = {isa = PBXBuildFile; fileRef = 9B645CBC1F46054C00357494 /* Icon-60.png */; };
		9B645CFC1F4606EC00357494 /* Icon-60.png in Resources */ = {isa = PBXBuildFile; fileRef = 9B645CBC1F46054C00357494 /* Icon-60.png */; };
		9B645CFD1F4606EF00357494 /* Icon-76.png in Resources */ = {isa = PBXBuildFile; fileRef = 9B645CBD1F46054C00357494 /* Icon-76.png */; };
		9B645CFE1F4606EF00357494 /* Icon-76.png in Resources */ = {isa = PBXBuildFile; fileRef = 9B645CBD1F46054C00357494 /* Icon-76.png */; };
		9B645CFF1F4606F200357494 /* Icon-80.png in Resources */ = {isa = PBXBuildFile; fileRef = 9B645CBE1F46054C00357494 /* Icon-80.png */; };
		9B645D001F4606F200357494 /* Icon-80.png in Resources */ = {isa = PBXBuildFile; fileRef = 9B645CBE1F46054C00357494 /* Icon-80.png */; };
		9BC767FE1F1D1317005E8393 /* AppDelegate.swift in Sources */ = {isa = PBXBuildFile; fileRef = 9BC767FD1F1D1317005E8393 /* AppDelegate.swift */; };
		9BC768001F1D1317005E8393 /* ViewController.swift in Sources */ = {isa = PBXBuildFile; fileRef = 9BC767FF1F1D1317005E8393 /* ViewController.swift */; };
		9BC768031F1D1317005E8393 /* Main.storyboard in Resources */ = {isa = PBXBuildFile; fileRef = 9BC768011F1D1317005E8393 /* Main.storyboard */; };
		9BC768051F1D1317005E8393 /* Assets.xcassets in Resources */ = {isa = PBXBuildFile; fileRef = 9BC768041F1D1317005E8393 /* Assets.xcassets */; };
		9BC768081F1D1317005E8393 /* LaunchScreen.storyboard in Resources */ = {isa = PBXBuildFile; fileRef = 9BC768061F1D1317005E8393 /* LaunchScreen.storyboard */; };
		9BC7680D1F1D1317005E8393 /* psIgMadWorkout WatchKit App.app in Embed Watch Content */ = {isa = PBXBuildFile; fileRef = 9BC7680C1F1D1317005E8393 /* psIgMadWorkout WatchKit App.app */; };
		9BC768131F1D1317005E8393 /* Interface.storyboard in Resources */ = {isa = PBXBuildFile; fileRef = 9BC768111F1D1317005E8393 /* Interface.storyboard */; };
		9BC768151F1D1317005E8393 /* Assets.xcassets in Resources */ = {isa = PBXBuildFile; fileRef = 9BC768141F1D1317005E8393 /* Assets.xcassets */; };
		9BC7681C1F1D1317005E8393 /* psIgMadWorkout WatchKit Extension.appex in Embed App Extensions */ = {isa = PBXBuildFile; fileRef = 9BC7681B1F1D1317005E8393 /* psIgMadWorkout WatchKit Extension.appex */; settings = {ATTRIBUTES = (RemoveHeadersOnCopy, ); }; };
		9BC768211F1D1317005E8393 /* InterfaceController.swift in Sources */ = {isa = PBXBuildFile; fileRef = 9BC768201F1D1317005E8393 /* InterfaceController.swift */; };
		9BC768231F1D1317005E8393 /* ExtensionDelegate.swift in Sources */ = {isa = PBXBuildFile; fileRef = 9BC768221F1D1317005E8393 /* ExtensionDelegate.swift */; };
		9BC768251F1D1317005E8393 /* Assets.xcassets in Resources */ = {isa = PBXBuildFile; fileRef = 9BC768241F1D1317005E8393 /* Assets.xcassets */; };
		9BC768361F1D1454005E8393 /* logo.png in Resources */ = {isa = PBXBuildFile; fileRef = 9BC768351F1D1454005E8393 /* logo.png */; };
		9BC7683D1F1D1477005E8393 /* CaviarDreams_Bold.ttf in Resources */ = {isa = PBXBuildFile; fileRef = 9BC7683A1F1D1477005E8393 /* CaviarDreams_Bold.ttf */; };
		9BC7683E1F1D1477005E8393 /* GeosansLight.ttf in Resources */ = {isa = PBXBuildFile; fileRef = 9BC7683B1F1D1477005E8393 /* GeosansLight.ttf */; };
		9BC7683F1F1D1477005E8393 /* gishabd.ttf in Resources */ = {isa = PBXBuildFile; fileRef = 9BC7683C1F1D1477005E8393 /* gishabd.ttf */; };
		9BDA908C1F434BE000EC2E52 /* logo.png in Resources */ = {isa = PBXBuildFile; fileRef = 9BC768351F1D1454005E8393 /* logo.png */; };
		9BDA908D1F434BE200EC2E52 /* logo.png in Resources */ = {isa = PBXBuildFile; fileRef = 9BC768351F1D1454005E8393 /* logo.png */; };
/* End PBXBuildFile section */

/* Begin PBXContainerItemProxy section */
		9BC7680E1F1D1317005E8393 /* PBXContainerItemProxy */ = {
			isa = PBXContainerItemProxy;
			containerPortal = 9BC767F21F1D1317005E8393 /* Project object */;
			proxyType = 1;
			remoteGlobalIDString = 9BC7680B1F1D1317005E8393;
			remoteInfo = "psIgMadWorkout WatchKit App";
		};
		9BC7681D1F1D1317005E8393 /* PBXContainerItemProxy */ = {
			isa = PBXContainerItemProxy;
			containerPortal = 9BC767F21F1D1317005E8393 /* Project object */;
			proxyType = 1;
			remoteGlobalIDString = 9BC7681A1F1D1317005E8393;
			remoteInfo = "psIgMadWorkout WatchKit Extension";
		};
/* End PBXContainerItemProxy section */

/* Begin PBXCopyFilesBuildPhase section */
		9BC7682C1F1D1317005E8393 /* Embed App Extensions */ = {
			isa = PBXCopyFilesBuildPhase;
			buildActionMask = 2147483647;
			dstPath = "";
			dstSubfolderSpec = 13;
			files = (
				9BC7681C1F1D1317005E8393 /* psIgMadWorkout WatchKit Extension.appex in Embed App Extensions */,
			);
			name = "Embed App Extensions";
			runOnlyForDeploymentPostprocessing = 0;
		};
		9BC768301F1D1317005E8393 /* Embed Watch Content */ = {
			isa = PBXCopyFilesBuildPhase;
			buildActionMask = 2147483647;
			dstPath = "$(CONTENTS_FOLDER_PATH)/Watch";
			dstSubfolderSpec = 16;
			files = (
				9BC7680D1F1D1317005E8393 /* psIgMadWorkout WatchKit App.app in Embed Watch Content */,
			);
			name = "Embed Watch Content";
			runOnlyForDeploymentPostprocessing = 0;
		};
/* End PBXCopyFilesBuildPhase section */

/* Begin PBXFileReference section */
		9B380D661F432B34009C6594 /* icon_watch.png */ = {isa = PBXFileReference; lastKnownFileType = image.png; name = icon_watch.png; path = images/icon_watch.png; sourceTree = "<group>"; };
		9B380D671F432B34009C6594 /* icon.png */ = {isa = PBXFileReference; lastKnownFileType = image.png; name = icon.png; path = images/icon.png; sourceTree = "<group>"; };
		9B380D6A1F432CAB009C6594 /* TableViewController.swift */ = {isa = PBXFileReference; fileEncoding = 4; lastKnownFileType = sourcecode.swift; path = TableViewController.swift; sourceTree = "<group>"; };
		9B380D6C1F433890009C6594 /* TableRowController.swift */ = {isa = PBXFileReference; fileEncoding = 4; lastKnownFileType = sourcecode.swift; path = TableRowController.swift; sourceTree = "<group>"; };
		9B380D6E1F4338A1009C6594 /* WorkoutController.swift */ = {isa = PBXFileReference; fileEncoding = 4; lastKnownFileType = sourcecode.swift; path = WorkoutController.swift; sourceTree = "<group>"; };
		9B594B581F3C9B4500F73E55 /* Shared.swift */ = {isa = PBXFileReference; fileEncoding = 4; lastKnownFileType = sourcecode.swift; path = Shared.swift; sourceTree = "<group>"; };
		9B594B5A1F3CBE3A00F73E55 /* WorkoutsView.swift */ = {isa = PBXFileReference; fileEncoding = 4; lastKnownFileType = sourcecode.swift; name = WorkoutsView.swift; path = ../WorkoutsView.swift; sourceTree = "<group>"; };
		9B594B5C1F3CC7E000F73E55 /* InfoView.swift */ = {isa = PBXFileReference; fileEncoding = 4; lastKnownFileType = sourcecode.swift; path = InfoView.swift; sourceTree = "<group>"; };
		9B594B5E1F3CCB0C00F73E55 /* EditView.swift */ = {isa = PBXFileReference; fileEncoding = 4; lastKnownFileType = sourcecode.swift; path = EditView.swift; sourceTree = "<group>"; };
		9B645CB91F46054C00357494 /* Icon-29.png */ = {isa = PBXFileReference; lastKnownFileType = image.png; name = "Icon-29.png"; path = "images/Icon-29.png"; sourceTree = "<group>"; };
		9B645CBA1F46054C00357494 /* Icon-40.png */ = {isa = PBXFileReference; lastKnownFileType = image.png; name = "Icon-40.png"; path = "images/Icon-40.png"; sourceTree = "<group>"; };
		9B645CBB1F46054C00357494 /* Icon-58.png */ = {isa = PBXFileReference; lastKnownFileType = image.png; name = "Icon-58.png"; path = "images/Icon-58.png"; sourceTree = "<group>"; };
		9B645CBC1F46054C00357494 /* Icon-60.png */ = {isa = PBXFileReference; lastKnownFileType = image.png; name = "Icon-60.png"; path = "images/Icon-60.png"; sourceTree = "<group>"; };
		9B645CBD1F46054C00357494 /* Icon-76.png */ = {isa = PBXFileReference; lastKnownFileType = image.png; name = "Icon-76.png"; path = "images/Icon-76.png"; sourceTree = "<group>"; };
		9B645CBE1F46054C00357494 /* Icon-80.png */ = {isa = PBXFileReference; lastKnownFileType = image.png; name = "Icon-80.png"; path = "images/Icon-80.png"; sourceTree = "<group>"; };
		9B645CBF1F46054C00357494 /* Icon-87.png */ = {isa = PBXFileReference; lastKnownFileType = image.png; name = "Icon-87.png"; path = "images/Icon-87.png"; sourceTree = "<group>"; };
		9B645CC01F46054C00357494 /* Icon-120.png */ = {isa = PBXFileReference; lastKnownFileType = image.png; name = "Icon-120.png"; path = "images/Icon-120.png"; sourceTree = "<group>"; };
		9B645CC11F46054C00357494 /* Icon-152.png */ = {isa = PBXFileReference; lastKnownFileType = image.png; name = "Icon-152.png"; path = "images/Icon-152.png"; sourceTree = "<group>"; };
		9B645CC21F46054C00357494 /* Icon-167.png */ = {isa = PBXFileReference; lastKnownFileType = image.png; name = "Icon-167.png"; path = "images/Icon-167.png"; sourceTree = "<group>"; };
		9B645CC31F46054C00357494 /* Icon-180.png */ = {isa = PBXFileReference; lastKnownFileType = image.png; name = "Icon-180.png"; path = "images/Icon-180.png"; sourceTree = "<group>"; };
		9B645CCF1F46055600357494 /* wIcon-48.png */ = {isa = PBXFileReference; lastKnownFileType = image.png; name = "wIcon-48.png"; path = "images/wIcon-48.png"; sourceTree = "<group>"; };
		9B645CD01F46055600357494 /* wIcon-55.png */ = {isa = PBXFileReference; lastKnownFileType = image.png; name = "wIcon-55.png"; path = "images/wIcon-55.png"; sourceTree = "<group>"; };
		9B645CD11F46055600357494 /* wIcon-80.png */ = {isa = PBXFileReference; lastKnownFileType = image.png; name = "wIcon-80.png"; path = "images/wIcon-80.png"; sourceTree = "<group>"; };
		9B645CD21F46055600357494 /* wIcon-88.png */ = {isa = PBXFileReference; lastKnownFileType = image.png; name = "wIcon-88.png"; path = "images/wIcon-88.png"; sourceTree = "<group>"; };
		9B645CD31F46055600357494 /* wIcon-172.png */ = {isa = PBXFileReference; lastKnownFileType = image.png; name = "wIcon-172.png"; path = "images/wIcon-172.png"; sourceTree = "<group>"; };
		9B645CD41F46055600357494 /* wIcon-196.png */ = {isa = PBXFileReference; lastKnownFileType = image.png; name = "wIcon-196.png"; path = "images/wIcon-196.png"; sourceTree = "<group>"; };
		9BC767FA1F1D1317005E8393 /* psIgMadWorkout.app */ = {isa = PBXFileReference; explicitFileType = wrapper.application; includeInIndex = 0; path = psIgMadWorkout.app; sourceTree = BUILT_PRODUCTS_DIR; };
		9BC767FD1F1D1317005E8393 /* AppDelegate.swift */ = {isa = PBXFileReference; lastKnownFileType = sourcecode.swift; path = AppDelegate.swift; sourceTree = "<group>"; };
		9BC767FF1F1D1317005E8393 /* ViewController.swift */ = {isa = PBXFileReference; lastKnownFileType = sourcecode.swift; path = ViewController.swift; sourceTree = "<group>"; };
		9BC768021F1D1317005E8393 /* Base */ = {isa = PBXFileReference; lastKnownFileType = file.storyboard; name = Base; path = Base.lproj/Main.storyboard; sourceTree = "<group>"; };
		9BC768041F1D1317005E8393 /* Assets.xcassets */ = {isa = PBXFileReference; lastKnownFileType = folder.assetcatalog; path = Assets.xcassets; sourceTree = "<group>"; };
		9BC768071F1D1317005E8393 /* Base */ = {isa = PBXFileReference; lastKnownFileType = file.storyboard; name = Base; path = Base.lproj/LaunchScreen.storyboard; sourceTree = "<group>"; };
		9BC768091F1D1317005E8393 /* Info.plist */ = {isa = PBXFileReference; lastKnownFileType = text.plist.xml; path = Info.plist; sourceTree = "<group>"; };
		9BC7680C1F1D1317005E8393 /* psIgMadWorkout WatchKit App.app */ = {isa = PBXFileReference; explicitFileType = wrapper.application; includeInIndex = 0; path = "psIgMadWorkout WatchKit App.app"; sourceTree = BUILT_PRODUCTS_DIR; };
		9BC768121F1D1317005E8393 /* Base */ = {isa = PBXFileReference; lastKnownFileType = file.storyboard; name = Base; path = Base.lproj/Interface.storyboard; sourceTree = "<group>"; };
		9BC768141F1D1317005E8393 /* Assets.xcassets */ = {isa = PBXFileReference; lastKnownFileType = folder.assetcatalog; path = Assets.xcassets; sourceTree = "<group>"; };
		9BC768161F1D1317005E8393 /* Info.plist */ = {isa = PBXFileReference; lastKnownFileType = text.plist.xml; path = Info.plist; sourceTree = "<group>"; };
		9BC7681B1F1D1317005E8393 /* psIgMadWorkout WatchKit Extension.appex */ = {isa = PBXFileReference; explicitFileType = "wrapper.app-extension"; includeInIndex = 0; path = "psIgMadWorkout WatchKit Extension.appex"; sourceTree = BUILT_PRODUCTS_DIR; };
		9BC768201F1D1317005E8393 /* InterfaceController.swift */ = {isa = PBXFileReference; lastKnownFileType = sourcecode.swift; path = InterfaceController.swift; sourceTree = "<group>"; };
		9BC768221F1D1317005E8393 /* ExtensionDelegate.swift */ = {isa = PBXFileReference; lastKnownFileType = sourcecode.swift; path = ExtensionDelegate.swift; sourceTree = "<group>"; };
		9BC768241F1D1317005E8393 /* Assets.xcassets */ = {isa = PBXFileReference; lastKnownFileType = folder.assetcatalog; path = Assets.xcassets; sourceTree = "<group>"; };
		9BC768261F1D1317005E8393 /* Info.plist */ = {isa = PBXFileReference; lastKnownFileType = text.plist.xml; path = Info.plist; sourceTree = "<group>"; };
		9BC768351F1D1454005E8393 /* logo.png */ = {isa = PBXFileReference; lastKnownFileType = image.png; name = logo.png; path = images/logo.png; sourceTree = "<group>"; };
		9BC7683A1F1D1477005E8393 /* CaviarDreams_Bold.ttf */ = {isa = PBXFileReference; lastKnownFileType = file; name = CaviarDreams_Bold.ttf; path = fonts/CaviarDreams_Bold.ttf; sourceTree = "<group>"; };
		9BC7683B1F1D1477005E8393 /* GeosansLight.ttf */ = {isa = PBXFileReference; lastKnownFileType = file; name = GeosansLight.ttf; path = fonts/GeosansLight.ttf; sourceTree = "<group>"; };
		9BC7683C1F1D1477005E8393 /* gishabd.ttf */ = {isa = PBXFileReference; lastKnownFileType = file; name = gishabd.ttf; path = fonts/gishabd.ttf; sourceTree = "<group>"; };
/* End PBXFileReference section */

/* Begin PBXFrameworksBuildPhase section */
		9BC767F71F1D1317005E8393 /* Frameworks */ = {
			isa = PBXFrameworksBuildPhase;
			buildActionMask = 2147483647;
			files = (
			);
			runOnlyForDeploymentPostprocessing = 0;
		};
		9BC768181F1D1317005E8393 /* Frameworks */ = {
			isa = PBXFrameworksBuildPhase;
			buildActionMask = 2147483647;
			files = (
			);
			runOnlyForDeploymentPostprocessing = 0;
		};
/* End PBXFrameworksBuildPhase section */

/* Begin PBXGroup section */
		9BC767F11F1D1316005E8393 = {
			isa = PBXGroup;
			children = (
				9BC767FC1F1D1317005E8393 /* pslgMadWorkout */,
				9BC768101F1D1317005E8393 /* psIgMadWorkout WatchKit App */,
				9BC7681F1F1D1317005E8393 /* psIgMadWorkout WatchKit Extension */,
				9BC767FB1F1D1317005E8393 /* Products */,
			);
			sourceTree = "<group>";
		};
		9BC767FB1F1D1317005E8393 /* Products */ = {
			isa = PBXGroup;
			children = (
				9BC767FA1F1D1317005E8393 /* psIgMadWorkout.app */,
				9BC7680C1F1D1317005E8393 /* psIgMadWorkout WatchKit App.app */,
				9BC7681B1F1D1317005E8393 /* psIgMadWorkout WatchKit Extension.appex */,
			);
			name = Products;
			sourceTree = "<group>";
		};
		9BC767FC1F1D1317005E8393 /* pslgMadWorkout */ = {
			isa = PBXGroup;
			children = (
				9BC768391F1D146C005E8393 /* fonts */,
				9BC768341F1D1448005E8393 /* images */,
				9BC767FD1F1D1317005E8393 /* AppDelegate.swift */,
				9BC767FF1F1D1317005E8393 /* ViewController.swift */,
				9BC768011F1D1317005E8393 /* Main.storyboard */,
				9BC768041F1D1317005E8393 /* Assets.xcassets */,
				9BC768061F1D1317005E8393 /* LaunchScreen.storyboard */,
				9BC768091F1D1317005E8393 /* Info.plist */,
				9B594B581F3C9B4500F73E55 /* Shared.swift */,
				9B594B5A1F3CBE3A00F73E55 /* WorkoutsView.swift */,
				9B594B5C1F3CC7E000F73E55 /* InfoView.swift */,
				9B594B5E1F3CCB0C00F73E55 /* EditView.swift */,
				9B380D6A1F432CAB009C6594 /* TableViewController.swift */,
			);
			name = pslgMadWorkout;
			path = psIgMadWorkout;
			sourceTree = "<group>";
		};
		9BC768101F1D1317005E8393 /* psIgMadWorkout WatchKit App */ = {
			isa = PBXGroup;
			children = (
				9BC768111F1D1317005E8393 /* Interface.storyboard */,
				9BC768141F1D1317005E8393 /* Assets.xcassets */,
				9BC768161F1D1317005E8393 /* Info.plist */,
			);
			path = "psIgMadWorkout WatchKit App";
			sourceTree = "<group>";
		};
		9BC7681F1F1D1317005E8393 /* psIgMadWorkout WatchKit Extension */ = {
			isa = PBXGroup;
			children = (
				9BC768201F1D1317005E8393 /* InterfaceController.swift */,
				9BC768221F1D1317005E8393 /* ExtensionDelegate.swift */,
				9BC768241F1D1317005E8393 /* Assets.xcassets */,
				9BC768261F1D1317005E8393 /* Info.plist */,
				9B380D6C1F433890009C6594 /* TableRowController.swift */,
				9B380D6E1F4338A1009C6594 /* WorkoutController.swift */,
			);
			path = "psIgMadWorkout WatchKit Extension";
			sourceTree = "<group>";
		};
		9BC768341F1D1448005E8393 /* images */ = {
			isa = PBXGroup;
			children = (
				9B645CCF1F46055600357494 /* wIcon-48.png */,
				9B645CD01F46055600357494 /* wIcon-55.png */,
				9B645CD11F46055600357494 /* wIcon-80.png */,
				9B645CD21F46055600357494 /* wIcon-88.png */,
				9B645CD31F46055600357494 /* wIcon-172.png */,
				9B645CD41F46055600357494 /* wIcon-196.png */,
				9B645CB91F46054C00357494 /* Icon-29.png */,
				9B645CBA1F46054C00357494 /* Icon-40.png */,
				9B645CBB1F46054C00357494 /* Icon-58.png */,
				9B645CBC1F46054C00357494 /* Icon-60.png */,
				9B645CBD1F46054C00357494 /* Icon-76.png */,
				9B645CBE1F46054C00357494 /* Icon-80.png */,
				9B645CBF1F46054C00357494 /* Icon-87.png */,
				9B645CC01F46054C00357494 /* Icon-120.png */,
				9B645CC11F46054C00357494 /* Icon-152.png */,
				9B645CC21F46054C00357494 /* Icon-167.png */,
				9B645CC31F46054C00357494 /* Icon-180.png */,
				9B380D661F432B34009C6594 /* icon_watch.png */,
				9B380D671F432B34009C6594 /* icon.png */,
				9BC768351F1D1454005E8393 /* logo.png */,
			);
			name = images;
			sourceTree = "<group>";
		};
		9BC768391F1D146C005E8393 /* fonts */ = {
			isa = PBXGroup;
			children = (
				9BC7683A1F1D1477005E8393 /* CaviarDreams_Bold.ttf */,
				9BC7683B1F1D1477005E8393 /* GeosansLight.ttf */,
				9BC7683C1F1D1477005E8393 /* gishabd.ttf */,
			);
			name = fonts;
			sourceTree = "<group>";
		};
/* End PBXGroup section */

/* Begin PBXNativeTarget section */
		9BC767F91F1D1317005E8393 /* psIgMadWorkout */ = {
			isa = PBXNativeTarget;
			buildConfigurationList = 9BC768311F1D1317005E8393 /* Build configuration list for PBXNativeTarget "psIgMadWorkout" */;
			buildPhases = (
				9BC767F61F1D1317005E8393 /* Sources */,
				9BC767F71F1D1317005E8393 /* Frameworks */,
				9BC767F81F1D1317005E8393 /* Resources */,
				9BC768301F1D1317005E8393 /* Embed Watch Content */,
			);
			buildRules = (
			);
			dependencies = (
				9BC7680F1F1D1317005E8393 /* PBXTargetDependency */,
			);
			name = psIgMadWorkout;
			productName = psIgMadWorkout;
			productReference = 9BC767FA1F1D1317005E8393 /* psIgMadWorkout.app */;
			productType = "com.apple.product-type.application";
		};
		9BC7680B1F1D1317005E8393 /* psIgMadWorkout WatchKit App */ = {
			isa = PBXNativeTarget;
			buildConfigurationList = 9BC7682D1F1D1317005E8393 /* Build configuration list for PBXNativeTarget "psIgMadWorkout WatchKit App" */;
			buildPhases = (
				9BC7680A1F1D1317005E8393 /* Resources */,
				9BC7682C1F1D1317005E8393 /* Embed App Extensions */,
			);
			buildRules = (
			);
			dependencies = (
				9BC7681E1F1D1317005E8393 /* PBXTargetDependency */,
			);
			name = "psIgMadWorkout WatchKit App";
			productName = "psIgMadWorkout WatchKit App";
			productReference = 9BC7680C1F1D1317005E8393 /* psIgMadWorkout WatchKit App.app */;
			productType = "com.apple.product-type.application.watchapp2";
		};
		9BC7681A1F1D1317005E8393 /* psIgMadWorkout WatchKit Extension */ = {
			isa = PBXNativeTarget;
			buildConfigurationList = 9BC768291F1D1317005E8393 /* Build configuration list for PBXNativeTarget "psIgMadWorkout WatchKit Extension" */;
			buildPhases = (
				9BC768171F1D1317005E8393 /* Sources */,
				9BC768181F1D1317005E8393 /* Frameworks */,
				9BC768191F1D1317005E8393 /* Resources */,
			);
			buildRules = (
			);
			dependencies = (
			);
			name = "psIgMadWorkout WatchKit Extension";
			productName = "psIgMadWorkout WatchKit Extension";
			productReference = 9BC7681B1F1D1317005E8393 /* psIgMadWorkout WatchKit Extension.appex */;
			productType = "com.apple.product-type.watchkit2-extension";
		};
/* End PBXNativeTarget section */

/* Begin PBXProject section */
		9BC767F21F1D1317005E8393 /* Project object */ = {
			isa = PBXProject;
			attributes = {
				LastSwiftUpdateCheck = 0820;
				LastUpgradeCheck = 0820;
				ORGANIZATIONNAME = eleves;
				TargetAttributes = {
					9BC767F91F1D1317005E8393 = {
						CreatedOnToolsVersion = 8.2;
						ProvisioningStyle = Automatic;
					};
					9BC7680B1F1D1317005E8393 = {
						CreatedOnToolsVersion = 8.2;
						ProvisioningStyle = Automatic;
					};
					9BC7681A1F1D1317005E8393 = {
						CreatedOnToolsVersion = 8.2;
						ProvisioningStyle = Automatic;
					};
				};
			};
			buildConfigurationList = 9BC767F51F1D1317005E8393 /* Build configuration list for PBXProject "psIgMadWorkout" */;
			compatibilityVersion = "Xcode 3.2";
			developmentRegion = English;
			hasScannedForEncodings = 0;
			knownRegions = (
				en,
				Base,
			);
			mainGroup = 9BC767F11F1D1316005E8393;
			productRefGroup = 9BC767FB1F1D1317005E8393 /* Products */;
			projectDirPath = "";
			projectRoot = "";
			targets = (
				9BC767F91F1D1317005E8393 /* psIgMadWorkout */,
				9BC7680B1F1D1317005E8393 /* psIgMadWorkout WatchKit App */,
				9BC7681A1F1D1317005E8393 /* psIgMadWorkout WatchKit Extension */,
			);
		};
/* End PBXProject section */

/* Begin PBXResourcesBuildPhase section */
		9BC767F81F1D1317005E8393 /* Resources */ = {
			isa = PBXResourcesBuildPhase;
			buildActionMask = 2147483647;
			files = (
				9B380D681F432B34009C6594 /* icon_watch.png in Resources */,
				9BC7683E1F1D1477005E8393 /* GeosansLight.ttf in Resources */,
				9B645CD91F46055600357494 /* wIcon-172.png in Resources */,
				9B380D691F432B34009C6594 /* icon.png in Resources */,
				9B645CCB1F46054C00357494 /* Icon-120.png in Resources */,
				9B645CCA1F46054C00357494 /* Icon-87.png in Resources */,
				9B645CC81F46054C00357494 /* Icon-76.png in Resources */,
				9B645CDA1F46055600357494 /* wIcon-196.png in Resources */,
				9BC768361F1D1454005E8393 /* logo.png in Resources */,
				9B645CCC1F46054C00357494 /* Icon-152.png in Resources */,
				9BC768081F1D1317005E8393 /* LaunchScreen.storyboard in Resources */,
				9B645CC61F46054C00357494 /* Icon-58.png in Resources */,
				9BC7683D1F1D1477005E8393 /* CaviarDreams_Bold.ttf in Resources */,
				9B645CCD1F46054C00357494 /* Icon-167.png in Resources */,
				9B645CD81F46055600357494 /* wIcon-88.png in Resources */,
				9B645CD61F46055600357494 /* wIcon-55.png in Resources */,
				9B645CC71F46054C00357494 /* Icon-60.png in Resources */,
				9BC768051F1D1317005E8393 /* Assets.xcassets in Resources */,
				9BC768031F1D1317005E8393 /* Main.storyboard in Resources */,
				9B645CC91F46054C00357494 /* Icon-80.png in Resources */,
				9BC7683F1F1D1477005E8393 /* gishabd.ttf in Resources */,
				9B645CC51F46054C00357494 /* Icon-40.png in Resources */,
				9B645CD51F46055600357494 /* wIcon-48.png in Resources */,
				9B645CD71F46055600357494 /* wIcon-80.png in Resources */,
				9B645CCE1F46054C00357494 /* Icon-180.png in Resources */,
				9B645CC41F46054C00357494 /* Icon-29.png in Resources */,
			);
			runOnlyForDeploymentPostprocessing = 0;
		};
		9BC7680A1F1D1317005E8393 /* Resources */ = {
			isa = PBXResourcesBuildPhase;
			buildActionMask = 2147483647;
			files = (
				9B645CDB1F4606A600357494 /* wIcon-48.png in Resources */,
				9B645CE71F4606C700357494 /* Icon-120.png in Resources */,
				9B645CF11F4606DC00357494 /* wIcon-172.png in Resources */,
				9BC768151F1D1317005E8393 /* Assets.xcassets in Resources */,
				9B645CDD1F4606B900357494 /* icon.png in Resources */,
				9B645CE51F4606C400357494 /* Icon-152.png in Resources */,
				9B645CDC1F4606A900357494 /* wIcon-55.png in Resources */,
				9B645CF51F4606E200357494 /* Icon-29.png in Resources */,
				9B645CF71F4606E500357494 /* Icon-40.png in Resources */,
				9B645CED1F4606D600357494 /* wIcon-80.png in Resources */,
				9B645CFF1F4606F200357494 /* Icon-80.png in Resources */,
				9B645CFB1F4606EC00357494 /* Icon-60.png in Resources */,
				9BC768131F1D1317005E8393 /* Interface.storyboard in Resources */,
				9B645CEF1F4606D900357494 /* wIcon-88.png in Resources */,
				9B645CDF1F4606BC00357494 /* icon_watch.png in Resources */,
				9B645CE11F4606BF00357494 /* Icon-180.png in Resources */,
				9B645CE31F4606C200357494 /* Icon-167.png in Resources */,
				9B645CF31F4606E000357494 /* wIcon-196.png in Resources */,
				9B645CFD1F4606EF00357494 /* Icon-76.png in Resources */,
				9BDA908D1F434BE200EC2E52 /* logo.png in Resources */,
				9B645CF91F4606E900357494 /* Icon-58.png in Resources */,
				9B645CE91F4606CB00357494 /* Icon-87.png in Resources */,
			);
			runOnlyForDeploymentPostprocessing = 0;
		};
		9BC768191F1D1317005E8393 /* Resources */ = {
			isa = PBXResourcesBuildPhase;
			buildActionMask = 2147483647;
			files = (
				9B645CFC1F4606EC00357494 /* Icon-60.png in Resources */,
				9B645CEE1F4606D700357494 /* wIcon-80.png in Resources */,
				9B645CF81F4606E600357494 /* Icon-40.png in Resources */,
				9B645CF01F4606D900357494 /* wIcon-88.png in Resources */,
				9B645CE81F4606C700357494 /* Icon-120.png in Resources */,
				9B645CF21F4606DC00357494 /* wIcon-172.png in Resources */,
				9B645CFA1F4606E900357494 /* Icon-58.png in Resources */,
				9B645CEC1F4606D400357494 /* wIcon-55.png in Resources */,
				9B645CE01F4606BC00357494 /* icon_watch.png in Resources */,
				9B645CEB1F4606D100357494 /* wIcon-48.png in Resources */,
				9B645CE41F4606C200357494 /* Icon-167.png in Resources */,
				9B645CE61F4606C500357494 /* Icon-152.png in Resources */,
				9BDA908C1F434BE000EC2E52 /* logo.png in Resources */,
				9BC768251F1D1317005E8393 /* Assets.xcassets in Resources */,
				9B645D001F4606F200357494 /* Icon-80.png in Resources */,
				9B645CE21F4606BF00357494 /* Icon-180.png in Resources */,
				9B645CDE1F4606B900357494 /* icon.png in Resources */,
				9B645CEA1F4606CB00357494 /* Icon-87.png in Resources */,
				9B645CFE1F4606EF00357494 /* Icon-76.png in Resources */,
				9B645CF41F4606E000357494 /* wIcon-196.png in Resources */,
				9B645CF61F4606E300357494 /* Icon-29.png in Resources */,
			);
			runOnlyForDeploymentPostprocessing = 0;
		};
/* End PBXResourcesBuildPhase section */

/* Begin PBXSourcesBuildPhase section */
		9BC767F61F1D1317005E8393 /* Sources */ = {
			isa = PBXSourcesBuildPhase;
			buildActionMask = 2147483647;
			files = (
				9B594B591F3C9B4500F73E55 /* Shared.swift in Sources */,
				9B380D6B1F432CAB009C6594 /* TableViewController.swift in Sources */,
				9BC768001F1D1317005E8393 /* ViewController.swift in Sources */,
				9B594B5F1F3CCB0C00F73E55 /* EditView.swift in Sources */,
				9B594B5B1F3CBE3A00F73E55 /* WorkoutsView.swift in Sources */,
				9B594B5D1F3CC7E000F73E55 /* InfoView.swift in Sources */,
				9BC767FE1F1D1317005E8393 /* AppDelegate.swift in Sources */,
			);
			runOnlyForDeploymentPostprocessing = 0;
		};
		9BC768171F1D1317005E8393 /* Sources */ = {
			isa = PBXSourcesBuildPhase;
			buildActionMask = 2147483647;
			files = (
				9BC768231F1D1317005E8393 /* ExtensionDelegate.swift in Sources */,
				9B380D6F1F4338A1009C6594 /* WorkoutController.swift in Sources */,
				9B380D6D1F433890009C6594 /* TableRowController.swift in Sources */,
				9BC768211F1D1317005E8393 /* InterfaceController.swift in Sources */,
			);
			runOnlyForDeploymentPostprocessing = 0;
		};
/* End PBXSourcesBuildPhase section */

/* Begin PBXTargetDependency section */
		9BC7680F1F1D1317005E8393 /* PBXTargetDependency */ = {
			isa = PBXTargetDependency;
			target = 9BC7680B1F1D1317005E8393 /* psIgMadWorkout WatchKit App */;
			targetProxy = 9BC7680E1F1D1317005E8393 /* PBXContainerItemProxy */;
		};
		9BC7681E1F1D1317005E8393 /* PBXTargetDependency */ = {
			isa = PBXTargetDependency;
			target = 9BC7681A1F1D1317005E8393 /* psIgMadWorkout WatchKit Extension */;
			targetProxy = 9BC7681D1F1D1317005E8393 /* PBXContainerItemProxy */;
		};
/* End PBXTargetDependency section */

/* Begin PBXVariantGroup section */
		9BC768011F1D1317005E8393 /* Main.storyboard */ = {
			isa = PBXVariantGroup;
			children = (
				9BC768021F1D1317005E8393 /* Base */,
			);
			name = Main.storyboard;
			sourceTree = "<group>";
		};
		9BC768061F1D1317005E8393 /* LaunchScreen.storyboard */ = {
			isa = PBXVariantGroup;
			children = (
				9BC768071F1D1317005E8393 /* Base */,
			);
			name = LaunchScreen.storyboard;
			sourceTree = "<group>";
		};
		9BC768111F1D1317005E8393 /* Interface.storyboard */ = {
			isa = PBXVariantGroup;
			children = (
				9BC768121F1D1317005E8393 /* Base */,
			);
			name = Interface.storyboard;
			sourceTree = "<group>";
		};
/* End PBXVariantGroup section */

/* Begin XCBuildConfiguration section */
		9BC768271F1D1317005E8393 /* Debug */ = {
			isa = XCBuildConfiguration;
			buildSettings = {
				ALWAYS_SEARCH_USER_PATHS = NO;
				CLANG_ANALYZER_NONNULL = YES;
				CLANG_CXX_LANGUAGE_STANDARD = "gnu++0x";
				CLANG_CXX_LIBRARY = "libc++";
				CLANG_ENABLE_MODULES = YES;
				CLANG_ENABLE_OBJC_ARC = YES;
				CLANG_WARN_BOOL_CONVERSION = YES;
				CLANG_WARN_CONSTANT_CONVERSION = YES;
				CLANG_WARN_DIRECT_OBJC_ISA_USAGE = YES_ERROR;
				CLANG_WARN_DOCUMENTATION_COMMENTS = YES;
				CLANG_WARN_EMPTY_BODY = YES;
				CLANG_WARN_ENUM_CONVERSION = YES;
				CLANG_WARN_INFINITE_RECURSION = YES;
				CLANG_WARN_INT_CONVERSION = YES;
				CLANG_WARN_OBJC_ROOT_CLASS = YES_ERROR;
				CLANG_WARN_SUSPICIOUS_MOVE = YES;
				CLANG_WARN_UNREACHABLE_CODE = YES;
				CLANG_WARN__DUPLICATE_METHOD_MATCH = YES;
				"CODE_SIGN_IDENTITY[sdk=iphoneos*]" = "iPhone Developer";
				COPY_PHASE_STRIP = NO;
				DEBUG_INFORMATION_FORMAT = dwarf;
				ENABLE_STRICT_OBJC_MSGSEND = YES;
				ENABLE_TESTABILITY = YES;
				GCC_C_LANGUAGE_STANDARD = gnu99;
				GCC_DYNAMIC_NO_PIC = NO;
				GCC_NO_COMMON_BLOCKS = YES;
				GCC_OPTIMIZATION_LEVEL = 0;
				GCC_PREPROCESSOR_DEFINITIONS = (
					"DEBUG=1",
					"$(inherited)",
				);
				GCC_WARN_64_TO_32_BIT_CONVERSION = YES;
				GCC_WARN_ABOUT_RETURN_TYPE = YES_ERROR;
				GCC_WARN_UNDECLARED_SELECTOR = YES;
				GCC_WARN_UNINITIALIZED_AUTOS = YES_AGGRESSIVE;
				GCC_WARN_UNUSED_FUNCTION = YES;
				GCC_WARN_UNUSED_VARIABLE = YES;
				IPHONEOS_DEPLOYMENT_TARGET = 10.2;
				MTL_ENABLE_DEBUG_INFO = YES;
				ONLY_ACTIVE_ARCH = YES;
				SDKROOT = iphoneos;
				SWIFT_ACTIVE_COMPILATION_CONDITIONS = DEBUG;
				SWIFT_OPTIMIZATION_LEVEL = "-Onone";
				TARGETED_DEVICE_FAMILY = "1,2";
			};
			name = Debug;
		};
		9BC768281F1D1317005E8393 /* Release */ = {
			isa = XCBuildConfiguration;
			buildSettings = {
				ALWAYS_SEARCH_USER_PATHS = NO;
				CLANG_ANALYZER_NONNULL = YES;
				CLANG_CXX_LANGUAGE_STANDARD = "gnu++0x";
				CLANG_CXX_LIBRARY = "libc++";
				CLANG_ENABLE_MODULES = YES;
				CLANG_ENABLE_OBJC_ARC = YES;
				CLANG_WARN_BOOL_CONVERSION = YES;
				CLANG_WARN_CONSTANT_CONVERSION = YES;
				CLANG_WARN_DIRECT_OBJC_ISA_USAGE = YES_ERROR;
				CLANG_WARN_DOCUMENTATION_COMMENTS = YES;
				CLANG_WARN_EMPTY_BODY = YES;
				CLANG_WARN_ENUM_CONVERSION = YES;
				CLANG_WARN_INFINITE_RECURSION = YES;
				CLANG_WARN_INT_CONVERSION = YES;
				CLANG_WARN_OBJC_ROOT_CLASS = YES_ERROR;
				CLANG_WARN_SUSPICIOUS_MOVE = YES;
				CLANG_WARN_UNREACHABLE_CODE = YES;
				CLANG_WARN__DUPLICATE_METHOD_MATCH = YES;
				"CODE_SIGN_IDENTITY[sdk=iphoneos*]" = "iPhone Developer";
				COPY_PHASE_STRIP = NO;
				DEBUG_INFORMATION_FORMAT = "dwarf-with-dsym";
				ENABLE_NS_ASSERTIONS = NO;
				ENABLE_STRICT_OBJC_MSGSEND = YES;
				GCC_C_LANGUAGE_STANDARD = gnu99;
				GCC_NO_COMMON_BLOCKS = YES;
				GCC_WARN_64_TO_32_BIT_CONVERSION = YES;
				GCC_WARN_ABOUT_RETURN_TYPE = YES_ERROR;
				GCC_WARN_UNDECLARED_SELECTOR = YES;
				GCC_WARN_UNINITIALIZED_AUTOS = YES_AGGRESSIVE;
				GCC_WARN_UNUSED_FUNCTION = YES;
				GCC_WARN_UNUSED_VARIABLE = YES;
				IPHONEOS_DEPLOYMENT_TARGET = 10.2;
				MTL_ENABLE_DEBUG_INFO = NO;
				SDKROOT = iphoneos;
				SWIFT_OPTIMIZATION_LEVEL = "-Owholemodule";
				TARGETED_DEVICE_FAMILY = "1,2";
				VALIDATE_PRODUCT = YES;
			};
			name = Release;
		};
		9BC7682A1F1D1317005E8393 /* Debug */ = {
			isa = XCBuildConfiguration;
			buildSettings = {
				ASSETCATALOG_COMPILER_COMPLICATION_NAME = Complication;
				INFOPLIST_FILE = "psIgMadWorkout WatchKit Extension/Info.plist";
				LD_RUNPATH_SEARCH_PATHS = "$(inherited) @executable_path/Frameworks @executable_path/../../Frameworks";
				PRODUCT_BUNDLE_IDENTIFIER = com.shimizu.psIgMadWorkout.watchkitapp.watchkitextension;
				PRODUCT_NAME = "${TARGET_NAME}";
				SDKROOT = watchos;
				SKIP_INSTALL = YES;
				SWIFT_VERSION = 3.0;
				TARGETED_DEVICE_FAMILY = 4;
				WATCHOS_DEPLOYMENT_TARGET = 3.1;
			};
			name = Debug;
		};
		9BC7682B1F1D1317005E8393 /* Release */ = {
			isa = XCBuildConfiguration;
			buildSettings = {
				ASSETCATALOG_COMPILER_COMPLICATION_NAME = Complication;
				INFOPLIST_FILE = "psIgMadWorkout WatchKit Extension/Info.plist";
				LD_RUNPATH_SEARCH_PATHS = "$(inherited) @executable_path/Frameworks @executable_path/../../Frameworks";
				PRODUCT_BUNDLE_IDENTIFIER = com.shimizu.psIgMadWorkout.watchkitapp.watchkitextension;
				PRODUCT_NAME = "${TARGET_NAME}";
				SDKROOT = watchos;
				SKIP_INSTALL = YES;
				SWIFT_VERSION = 3.0;
				TARGETED_DEVICE_FAMILY = 4;
				WATCHOS_DEPLOYMENT_TARGET = 3.1;
			};
			name = Release;
		};
		9BC7682E1F1D1317005E8393 /* Debug */ = {
			isa = XCBuildConfiguration;
			buildSettings = {
				ALWAYS_EMBED_SWIFT_STANDARD_LIBRARIES = YES;
				ASSETCATALOG_COMPILER_APPICON_NAME = AppIcon;
				IBSC_MODULE = psIgMadWorkout_WatchKit_Extension;
				INFOPLIST_FILE = "psIgMadWorkout WatchKit App/Info.plist";
				PRODUCT_BUNDLE_IDENTIFIER = com.shimizu.psIgMadWorkout.watchkitapp;
				PRODUCT_NAME = "$(TARGET_NAME)";
				SDKROOT = watchos;
				SKIP_INSTALL = YES;
				SWIFT_VERSION = 3.0;
				TARGETED_DEVICE_FAMILY = 4;
				WATCHOS_DEPLOYMENT_TARGET = 3.1;
			};
			name = Debug;
		};
		9BC7682F1F1D1317005E8393 /* Release */ = {
			isa = XCBuildConfiguration;
			buildSettings = {
				ALWAYS_EMBED_SWIFT_STANDARD_LIBRARIES = YES;
				ASSETCATALOG_COMPILER_APPICON_NAME = AppIcon;
				IBSC_MODULE = psIgMadWorkout_WatchKit_Extension;
				INFOPLIST_FILE = "psIgMadWorkout WatchKit App/Info.plist";
				PRODUCT_BUNDLE_IDENTIFIER = com.shimizu.psIgMadWorkout.watchkitapp;
				PRODUCT_NAME = "$(TARGET_NAME)";
				SDKROOT = watchos;
				SKIP_INSTALL = YES;
				SWIFT_VERSION = 3.0;
				TARGETED_DEVICE_FAMILY = 4;
				WATCHOS_DEPLOYMENT_TARGET = 3.1;
			};
			name = Release;
		};
		9BC768321F1D1317005E8393 /* Debug */ = {
			isa = XCBuildConfiguration;
			buildSettings = {
				ASSETCATALOG_COMPILER_APPICON_NAME = AppIcon;
				INFOPLIST_FILE = psIgMadWorkout/Info.plist;
				LD_RUNPATH_SEARCH_PATHS = "$(inherited) @executable_path/Frameworks";
				PRODUCT_BUNDLE_IDENTIFIER = com.shimizu.psIgMadWorkout;
				PRODUCT_NAME = "$(TARGET_NAME)";
				SWIFT_VERSION = 3.0;
			};
			name = Debug;
		};
		9BC768331F1D1317005E8393 /* Release */ = {
			isa = XCBuildConfiguration;
			buildSettings = {
				ASSETCATALOG_COMPILER_APPICON_NAME = AppIcon;
				INFOPLIST_FILE = psIgMadWorkout/Info.plist;
				LD_RUNPATH_SEARCH_PATHS = "$(inherited) @executable_path/Frameworks";
				PRODUCT_BUNDLE_IDENTIFIER = com.shimizu.psIgMadWorkout;
				PRODUCT_NAME = "$(TARGET_NAME)";
				SWIFT_VERSION = 3.0;
			};
			name = Release;
		};
/* End XCBuildConfiguration section */

/* Begin XCConfigurationList section */
		9BC767F51F1D1317005E8393 /* Build configuration list for PBXProject "psIgMadWorkout" */ = {
			isa = XCConfigurationList;
			buildConfigurations = (
				9BC768271F1D1317005E8393 /* Debug */,
				9BC768281F1D1317005E8393 /* Release */,
			);
			defaultConfigurationIsVisible = 0;
			defaultConfigurationName = Release;
		};
		9BC768291F1D1317005E8393 /* Build configuration list for PBXNativeTarget "psIgMadWorkout WatchKit Extension" */ = {
			isa = XCConfigurationList;
			buildConfigurations = (
				9BC7682A1F1D1317005E8393 /* Debug */,
				9BC7682B1F1D1317005E8393 /* Release */,
			);
			defaultConfigurationIsVisible = 0;
			defaultConfigurationName = Release;
		};
		9BC7682D1F1D1317005E8393 /* Build configuration list for PBXNativeTarget "psIgMadWorkout WatchKit App" */ = {
			isa = XCConfigurationList;
			buildConfigurations = (
				9BC7682E1F1D1317005E8393 /* Debug */,
				9BC7682F1F1D1317005E8393 /* Release */,
			);
			defaultConfigurationIsVisible = 0;
			defaultConfigurationName = Release;
		};
		9BC768311F1D1317005E8393 /* Build configuration list for PBXNativeTarget "psIgMadWorkout" */ = {
			isa = XCConfigurationList;
			buildConfigurations = (
				9BC768321F1D1317005E8393 /* Debug */,
				9BC768331F1D1317005E8393 /* Release */,
			);
			defaultConfigurationIsVisible = 0;
			defaultConfigurationName = Release;
		};
/* End XCConfigurationList section */
	};
	rootObject = 9BC767F21F1D1317005E8393 /* Project object */;
}
